
Microsoft Visual Studio Solution File, Format Version 12.00
# Visual Studio Version 17
VisualStudioVersion = 17.0.32112.339
MinimumVisualStudioVersion = 10.0.40219.1
Project("{FAE04EC0-301F-11D3-BF4B-00C04F79EFBC}") = "Logo", "Logo\Logo.csproj", "{CD2F01BE-B917-4869-A743-81BF5876FD1E}"
EndProject
Global
	GlobalSection(SolutionConfigurationPlatforms) = preSolution
		Debug|Any CPU = Debug|Any CPU
		Release|Any CPU = Release|Any CPU
	EndGlobalSection
	GlobalSection(ProjectConfigurationPlatforms) = postSolution
		{CD2F01BE-B917-4869-A743-81BF5876FD1E}.Debug|Any CPU.ActiveCfg = Debug|Any CPU
		{CD2F01BE-B917-4869-A743-81BF5876FD1E}.Debug|Any CPU.Build.0 = Debug|Any CPU
		{CD2F01BE-B917-4869-A743-81BF5876FD1E}.Release|Any CPU.ActiveCfg = Release|Any CPU
		{CD2F01BE-B917-4869-A743-81BF5876FD1E}.Release|Any CPU.Build.0 = Release|Any CPU
	EndGlobalSection
	GlobalSection(SolutionProperties) = preSolution
		HideSolutionNode = FALSE
	EndGlobalSection
	GlobalSection(ExtensibilityGlobals) = postSolution
		SolutionGuid = {9198040E-2905-440F-AF50-74DDB78A705D}
	EndGlobalSection
EndGlobal
